
Microsoft Visual Studio Solution File, Format Version 12.00
# Visual Studio Version 17
VisualStudioVersion = 17.9.34622.214
MinimumVisualStudioVersion = 10.0.40219.1
Project("{2150E333-8FDC-42A3-9474-1A3956D46DE8}") = "Chapter01", "Chapter01", "{5C30585B-09F4-47EF-93F6-6B303D53CB33}"
EndProject
Project("{FAE04EC0-301F-11D3-BF4B-00C04F79EFBC}") = "ProductSample", "Chapter01\ProductSample\ProductSample.csproj", "{4AF8262E-8803-495F-AAED-EFD8D655E841}"
EndProject
Project("{FAE04EC0-301F-11D3-BF4B-00C04F79EFBC}") = "Sample_p38", "Chapter01\Sample_p38\Sample_p38.csproj", "{96EFEEA4-8C1F-499C-BEFC-54164FF0832E}"
EndProject
Project("{2150E333-8FDC-42A3-9474-1A3956D46DE8}") = "Chapter02", "Chapter02", "{D28C004F-BF81-4804-AAA3-6B50E6EEF089}"
EndProject
Project("{2150E333-8FDC-42A3-9474-1A3956D46DE8}") = "距離換算プログラム", "距離換算プログラム", "{D66DCAE2-30E8-4905-9FEC-B84EE6D23EB9}"
EndProject
Project("{FAE04EC0-301F-11D3-BF4B-00C04F79EFBC}") = "DistanceConverter", "Chapter02\DistanceConverter\DistanceConverter.csproj", "{4D95D509-AADF-4F85-ABFF-07E6643F04BC}"
EndProject
Project("{2150E333-8FDC-42A3-9474-1A3956D46DE8}") = "売り上げ集計プログラム", "売り上げ集計プログラム", "{9E758251-7BAA-4C2D-8FF1-BFA1F9BDE59A}"
EndProject
Project("{FAE04EC0-301F-11D3-BF4B-00C04F79EFBC}") = "SalesCounter", "Chapter02\SalesCounter\SalesCounter.csproj", "{449B1701-B4D2-4912-BE59-838A4C319936}"
EndProject
Project("{2150E333-8FDC-42A3-9474-1A3956D46DE8}") = "#演習問題", "#演習問題", "{7E5625B3-C892-49CD-B148-18F717AED120}"
EndProject
Project("{FAE04EC0-301F-11D3-BF4B-00C04F79EFBC}") = "Exercise1", "Chapter02\演習問題\Exercise1\Exercise1.csproj", "{06DF6D13-BE5F-4FFB-B648-130982ECE3BA}"
EndProject
Project("{FAE04EC0-301F-11D3-BF4B-00C04F79EFBC}") = "Exercise2", "Chapter02\演習問題\Exercise2\Exercise2.csproj", "{F3EF98C7-003D-4DB5-B364-7F1A279C0035}"
EndProject
Project("{2150E333-8FDC-42A3-9474-1A3956D46DE8}") = "FormApps", "FormApps", "{E3205B5A-140B-473A-8F6A-486635B25458}"
EndProject
Project("{9A19103F-16F7-4668-BE54-9A1E7A4F7556}") = "BallApp", "FormApps\BallApp\BallApp.csproj", "{B69FD99A-8164-49D0-82DD-36EEB2DEFDB7}"
EndProject
Project("{2150E333-8FDC-42A3-9474-1A3956D46DE8}") = "Chapter03", "Chapter03", "{828DA68E-4BA4-44D5-BA61-9894F80A8376}"
EndProject
Project("{FAE04EC0-301F-11D3-BF4B-00C04F79EFBC}") = "Section01", "Chapter03\Section01\Section01.csproj", "{2466211D-FBA5-46A5-89D5-20BBB2D903C9}"
EndProject
Project("{2150E333-8FDC-42A3-9474-1A3956D46DE8}") = "演習問題", "演習問題", "{9C7F232D-FC24-4C6E-9E61-D271C3BB2482}"
EndProject
Project("{FAE04EC0-301F-11D3-BF4B-00C04F79EFBC}") = "Exercise01", "Chapter03\演習問題\Exercise01\Exercise01.csproj", "{0E604EE7-3629-40F2-9DC4-5A883CFF8D5F}"
EndProject
Project("{FAE04EC0-301F-11D3-BF4B-00C04F79EFBC}") = "Exercise02", "Chapter03\Exercise02\Exercise02.csproj", "{3553BF4E-034F-4E97-B0EF-315BC513D3BE}"
EndProject
Project("{2150E333-8FDC-42A3-9474-1A3956D46DE8}") = "Chapter04", "Chapter04", "{8274003E-36A9-4E27-913C-2D19059DB1B7}"
EndProject
Project("{FAE04EC0-301F-11D3-BF4B-00C04F79EFBC}") = "Section01", "Chapter04\Section01\Section01.csproj", "{CCA9A935-C9FA-4664-8B3A-63924F8F1FA4}"
EndProject
Global
	GlobalSection(SolutionConfigurationPlatforms) = preSolution
		Debug|Any CPU = Debug|Any CPU
		Release|Any CPU = Release|Any CPU
	EndGlobalSection
	GlobalSection(ProjectConfigurationPlatforms) = postSolution
		{4AF8262E-8803-495F-AAED-EFD8D655E841}.Debug|Any CPU.ActiveCfg = Debug|Any CPU
		{4AF8262E-8803-495F-AAED-EFD8D655E841}.Debug|Any CPU.Build.0 = Debug|Any CPU
		{4AF8262E-8803-495F-AAED-EFD8D655E841}.Release|Any CPU.ActiveCfg = Release|Any CPU
		{4AF8262E-8803-495F-AAED-EFD8D655E841}.Release|Any CPU.Build.0 = Release|Any CPU
		{96EFEEA4-8C1F-499C-BEFC-54164FF0832E}.Debug|Any CPU.ActiveCfg = Debug|Any CPU
		{96EFEEA4-8C1F-499C-BEFC-54164FF0832E}.Debug|Any CPU.Build.0 = Debug|Any CPU
		{96EFEEA4-8C1F-499C-BEFC-54164FF0832E}.Release|Any CPU.ActiveCfg = Release|Any CPU
		{96EFEEA4-8C1F-499C-BEFC-54164FF0832E}.Release|Any CPU.Build.0 = Release|Any CPU
		{4D95D509-AADF-4F85-ABFF-07E6643F04BC}.Debug|Any CPU.ActiveCfg = Debug|Any CPU
		{4D95D509-AADF-4F85-ABFF-07E6643F04BC}.Debug|Any CPU.Build.0 = Debug|Any CPU
		{4D95D509-AADF-4F85-ABFF-07E6643F04BC}.Release|Any CPU.ActiveCfg = Release|Any CPU
		{4D95D509-AADF-4F85-ABFF-07E6643F04BC}.Release|Any CPU.Build.0 = Release|Any CPU
		{449B1701-B4D2-4912-BE59-838A4C319936}.Debug|Any CPU.ActiveCfg = Debug|Any CPU
		{449B1701-B4D2-4912-BE59-838A4C319936}.Debug|Any CPU.Build.0 = Debug|Any CPU
		{449B1701-B4D2-4912-BE59-838A4C319936}.Release|Any CPU.ActiveCfg = Release|Any CPU
		{449B1701-B4D2-4912-BE59-838A4C319936}.Release|Any CPU.Build.0 = Release|Any CPU
		{06DF6D13-BE5F-4FFB-B648-130982ECE3BA}.Debug|Any CPU.ActiveCfg = Debug|Any CPU
		{06DF6D13-BE5F-4FFB-B648-130982ECE3BA}.Debug|Any CPU.Build.0 = Debug|Any CPU
		{06DF6D13-BE5F-4FFB-B648-130982ECE3BA}.Release|Any CPU.ActiveCfg = Release|Any CPU
		{06DF6D13-BE5F-4FFB-B648-130982ECE3BA}.Release|Any CPU.Build.0 = Release|Any CPU
		{F3EF98C7-003D-4DB5-B364-7F1A279C0035}.Debug|Any CPU.ActiveCfg = Debug|Any CPU
		{F3EF98C7-003D-4DB5-B364-7F1A279C0035}.Debug|Any CPU.Build.0 = Debug|Any CPU
		{F3EF98C7-003D-4DB5-B364-7F1A279C0035}.Release|Any CPU.ActiveCfg = Release|Any CPU
		{F3EF98C7-003D-4DB5-B364-7F1A279C0035}.Release|Any CPU.Build.0 = Release|Any CPU
		{B69FD99A-8164-49D0-82DD-36EEB2DEFDB7}.Debug|Any CPU.ActiveCfg = Debug|Any CPU
		{B69FD99A-8164-49D0-82DD-36EEB2DEFDB7}.Debug|Any CPU.Build.0 = Debug|Any CPU
		{B69FD99A-8164-49D0-82DD-36EEB2DEFDB7}.Release|Any CPU.ActiveCfg = Release|Any CPU
		{B69FD99A-8164-49D0-82DD-36EEB2DEFDB7}.Release|Any CPU.Build.0 = Release|Any CPU
		{2466211D-FBA5-46A5-89D5-20BBB2D903C9}.Debug|Any CPU.ActiveCfg = Debug|Any CPU
		{2466211D-FBA5-46A5-89D5-20BBB2D903C9}.Debug|Any CPU.Build.0 = Debug|Any CPU
		{2466211D-FBA5-46A5-89D5-20BBB2D903C9}.Release|Any CPU.ActiveCfg = Release|Any CPU
		{2466211D-FBA5-46A5-89D5-20BBB2D903C9}.Release|Any CPU.Build.0 = Release|Any CPU
		{0E604EE7-3629-40F2-9DC4-5A883CFF8D5F}.Debug|Any CPU.ActiveCfg = Debug|Any CPU
		{0E604EE7-3629-40F2-9DC4-5A883CFF8D5F}.Debug|Any CPU.Build.0 = Debug|Any CPU
		{0E604EE7-3629-40F2-9DC4-5A883CFF8D5F}.Release|Any CPU.ActiveCfg = Release|Any CPU
		{0E604EE7-3629-40F2-9DC4-5A883CFF8D5F}.Release|Any CPU.Build.0 = Release|Any CPU
		{3553BF4E-034F-4E97-B0EF-315BC513D3BE}.Debug|Any CPU.ActiveCfg = Debug|Any CPU
		{3553BF4E-034F-4E97-B0EF-315BC513D3BE}.Debug|Any CPU.Build.0 = Debug|Any CPU
		{3553BF4E-034F-4E97-B0EF-315BC513D3BE}.Release|Any CPU.ActiveCfg = Release|Any CPU
		{3553BF4E-034F-4E97-B0EF-315BC513D3BE}.Release|Any CPU.Build.0 = Release|Any CPU
		{CCA9A935-C9FA-4664-8B3A-63924F8F1FA4}.Debug|Any CPU.ActiveCfg = Debug|Any CPU
		{CCA9A935-C9FA-4664-8B3A-63924F8F1FA4}.Debug|Any CPU.Build.0 = Debug|Any CPU
		{CCA9A935-C9FA-4664-8B3A-63924F8F1FA4}.Release|Any CPU.ActiveCfg = Release|Any CPU
		{CCA9A935-C9FA-4664-8B3A-63924F8F1FA4}.Release|Any CPU.Build.0 = Release|Any CPU
	EndGlobalSection
	GlobalSection(SolutionProperties) = preSolution
		HideSolutionNode = FALSE
	EndGlobalSection
	GlobalSection(NestedProjects) = preSolution
		{4AF8262E-8803-495F-AAED-EFD8D655E841} = {5C30585B-09F4-47EF-93F6-6B303D53CB33}
		{96EFEEA4-8C1F-499C-BEFC-54164FF0832E} = {5C30585B-09F4-47EF-93F6-6B303D53CB33}
		{D66DCAE2-30E8-4905-9FEC-B84EE6D23EB9} = {D28C004F-BF81-4804-AAA3-6B50E6EEF089}
		{4D95D509-AADF-4F85-ABFF-07E6643F04BC} = {D66DCAE2-30E8-4905-9FEC-B84EE6D23EB9}
		{9E758251-7BAA-4C2D-8FF1-BFA1F9BDE59A} = {D28C004F-BF81-4804-AAA3-6B50E6EEF089}
		{449B1701-B4D2-4912-BE59-838A4C319936} = {9E758251-7BAA-4C2D-8FF1-BFA1F9BDE59A}
		{7E5625B3-C892-49CD-B148-18F717AED120} = {D28C004F-BF81-4804-AAA3-6B50E6EEF089}
		{06DF6D13-BE5F-4FFB-B648-130982ECE3BA} = {7E5625B3-C892-49CD-B148-18F717AED120}
		{F3EF98C7-003D-4DB5-B364-7F1A279C0035} = {7E5625B3-C892-49CD-B148-18F717AED120}
		{B69FD99A-8164-49D0-82DD-36EEB2DEFDB7} = {E3205B5A-140B-473A-8F6A-486635B25458}
		{2466211D-FBA5-46A5-89D5-20BBB2D903C9} = {828DA68E-4BA4-44D5-BA61-9894F80A8376}
		{9C7F232D-FC24-4C6E-9E61-D271C3BB2482} = {828DA68E-4BA4-44D5-BA61-9894F80A8376}
		{0E604EE7-3629-40F2-9DC4-5A883CFF8D5F} = {9C7F232D-FC24-4C6E-9E61-D271C3BB2482}
		{3553BF4E-034F-4E97-B0EF-315BC513D3BE} = {9C7F232D-FC24-4C6E-9E61-D271C3BB2482}
		{CCA9A935-C9FA-4664-8B3A-63924F8F1FA4} = {8274003E-36A9-4E27-913C-2D19059DB1B7}
	EndGlobalSection
	GlobalSection(ExtensibilityGlobals) = postSolution
		SolutionGuid = {97EF6D91-4F4B-4007-9422-CDB086A0EF6F}
	EndGlobalSection
EndGlobal
