
Microsoft Visual Studio Solution File, Format Version 12.00
# Visual Studio Version 17
VisualStudioVersion = 17.9.34622.214
MinimumVisualStudioVersion = 10.0.40219.1
Project("{2150E333-8FDC-42A3-9474-1A3956D46DE8}") = "Chapter01", "Chapter01", "{5C30585B-09F4-47EF-93F6-6B303D53CB33}"
EndProject
Project("{FAE04EC0-301F-11D3-BF4B-00C04F79EFBC}") = "ProductSample", "Chapter01\ProductSample\ProductSample.csproj", "{4AF8262E-8803-495F-AAED-EFD8D655E841}"
EndProject
Project("{FAE04EC0-301F-11D3-BF4B-00C04F79EFBC}") = "Sample_p38", "Chapter01\Sample_p38\Sample_p38.csproj", "{96EFEEA4-8C1F-499C-BEFC-54164FF0832E}"
EndProject
Project("{2150E333-8FDC-42A3-9474-1A3956D46DE8}") = "Chapter02", "Chapter02", "{D28C004F-BF81-4804-AAA3-6B50E6EEF089}"
EndProject
Project("{2150E333-8FDC-42A3-9474-1A3956D46DE8}") = "距離換算プログラム", "距離換算プログラム", "{D66DCAE2-30E8-4905-9FEC-B84EE6D23EB9}"
EndProject
Project("{FAE04EC0-301F-11D3-BF4B-00C04F79EFBC}") = "DistanceConverter", "Chapter02\DistanceConverter\DistanceConverter.csproj", "{4D95D509-AADF-4F85-ABFF-07E6643F04BC}"
EndProject
Project("{2150E333-8FDC-42A3-9474-1A3956D46DE8}") = "売り上げ集計プログラム", "売り上げ集計プログラム", "{9E758251-7BAA-4C2D-8FF1-BFA1F9BDE59A}"
EndProject
Project("{FAE04EC0-301F-11D3-BF4B-00C04F79EFBC}") = "SalesCounter", "Chapter02\SalesCounter\SalesCounter.csproj", "{449B1701-B4D2-4912-BE59-838A4C319936}"
EndProject
Project("{2150E333-8FDC-42A3-9474-1A3956D46DE8}") = "#演習問題", "#演習問題", "{7E5625B3-C892-49CD-B148-18F717AED120}"
EndProject
Project("{FAE04EC0-301F-11D3-BF4B-00C04F79EFBC}") = "Exercise1", "Chapter02\演習問題\Exercise1\Exercise1.csproj", "{06DF6D13-BE5F-4FFB-B648-130982ECE3BA}"
EndProject
Project("{FAE04EC0-301F-11D3-BF4B-00C04F79EFBC}") = "Exercise2", "Chapter02\演習問題\Exercise2\Exercise2.csproj", "{F3EF98C7-003D-4DB5-B364-7F1A279C0035}"
EndProject
Project("{2150E333-8FDC-42A3-9474-1A3956D46DE8}") = "FormApps", "FormApps", "{E3205B5A-140B-473A-8F6A-486635B25458}"
EndProject
Project("{9A19103F-16F7-4668-BE54-9A1E7A4F7556}") = "BallApp", "FormApps\BallApp\BallApp.csproj", "{B69FD99A-8164-49D0-82DD-36EEB2DEFDB7}"
EndProject
Project("{2150E333-8FDC-42A3-9474-1A3956D46DE8}") = "Chapter03", "Chapter03", "{828DA68E-4BA4-44D5-BA61-9894F80A8376}"
EndProject
Project("{FAE04EC0-301F-11D3-BF4B-00C04F79EFBC}") = "Section01", "Chapter03\Section01\Section01.csproj", "{2466211D-FBA5-46A5-89D5-20BBB2D903C9}"
EndProject
Project("{2150E333-8FDC-42A3-9474-1A3956D46DE8}") = "演習問題", "演習問題", "{9C7F232D-FC24-4C6E-9E61-D271C3BB2482}"
EndProject
Project("{FAE04EC0-301F-11D3-BF4B-00C04F79EFBC}") = "Exercise01", "Chapter03\演習問題\Exercise01\Exercise01.csproj", "{0E604EE7-3629-40F2-9DC4-5A883CFF8D5F}"
EndProject
Project("{FAE04EC0-301F-11D3-BF4B-00C04F79EFBC}") = "Exercise02", "Chapter03\Exercise02\Exercise02.csproj", "{3553BF4E-034F-4E97-B0EF-315BC513D3BE}"
EndProject
Project("{2150E333-8FDC-42A3-9474-1A3956D46DE8}") = "Chapter04", "Chapter04", "{8274003E-36A9-4E27-913C-2D19059DB1B7}"
EndProject
Project("{FAE04EC0-301F-11D3-BF4B-00C04F79EFBC}") = "Section01", "Chapter04\Section01\Section01.csproj", "{CCA9A935-C9FA-4664-8B3A-63924F8F1FA4}"
EndProject
Project("{2150E333-8FDC-42A3-9474-1A3956D46DE8}") = "演習問題", "演習問題", "{B0667C04-5CF5-40DF-8378-2964F1A16832}"
EndProject
Project("{FAE04EC0-301F-11D3-BF4B-00C04F79EFBC}") = "Exercise01", "Chapter04\演習問題\Exercise01\Exercise01.csproj", "{19C9DC3C-0B28-4D26-8068-BB97E8F880EE}"
EndProject
Project("{FAE04EC0-301F-11D3-BF4B-00C04F79EFBC}") = "Exercise02", "Chapter04\演習問題\Exercise02\Exercise02.csproj", "{2D895BBA-6479-4D02-ACA4-F265A3FE43EB}"
EndProject
Project("{2150E333-8FDC-42A3-9474-1A3956D46DE8}") = "Chapter05", "Chapter05", "{92E6B569-4DC8-403E-AF19-D03C7D6AD6B7}"
EndProject
Project("{2150E333-8FDC-42A3-9474-1A3956D46DE8}") = "演習問題", "演習問題", "{617A4AB5-7D19-421C-AAB1-DB0D329EEDFA}"
EndProject
Project("{FAE04EC0-301F-11D3-BF4B-00C04F79EFBC}") = "Exercise01", "Chapter05\演習問題\Exercise01\Exercise01.csproj", "{7F57B064-B33A-4016-B68B-0F88C919E3A8}"
EndProject
Project("{FAE04EC0-301F-11D3-BF4B-00C04F79EFBC}") = "Exercise02", "Chapter05\演習問題\Exercise02\Exercise02.csproj", "{F5A2A400-A33D-4140-BF47-2577C8BB8202}"
EndProject
Project("{FAE04EC0-301F-11D3-BF4B-00C04F79EFBC}") = "Exercise03", "Chapter05\演習問題\Exercise03\Exercise03.csproj", "{3B6D1F8B-673F-4718-9CD4-34A9315DE937}"
EndProject
Project("{FAE04EC0-301F-11D3-BF4B-00C04F79EFBC}") = "Exercise04", "Chapter05\演習問題\Exercise04\Exercise04.csproj", "{7A0F6D94-E2D2-45DC-B3AD-28FE49C28CAC}"
EndProject
Project("{2150E333-8FDC-42A3-9474-1A3956D46DE8}") = "Chapter06", "Chapter06", "{72A4AC0A-9BE9-431C-A2FB-667E75C93435}"
EndProject
Project("{FAE04EC0-301F-11D3-BF4B-00C04F79EFBC}") = "Section01", "Chapter06\Section01\Section01.csproj", "{9C21CE1F-6346-424E-B7B8-019625F2C2BB}"
EndProject
Project("{2150E333-8FDC-42A3-9474-1A3956D46DE8}") = "演習問題", "演習問題", "{39F991FB-AD8F-48FA-B759-DE5F81A4D91A}"
EndProject
Project("{FAE04EC0-301F-11D3-BF4B-00C04F79EFBC}") = "Exercise01", "Chapter06\演習問題\Exercise01\Exercise01.csproj", "{E989DAA4-70DA-4B02-9BBE-5607F8A393AA}"
EndProject
Project("{FAE04EC0-301F-11D3-BF4B-00C04F79EFBC}") = "Exercise02", "Chapter06\演習問題\Exercise02\Exercise02.csproj", "{707A05C0-4366-43CC-AC4C-E519E006E38F}"
EndProject
Project("{2150E333-8FDC-42A3-9474-1A3956D46DE8}") = "Chapter07", "Chapter07", "{BD657579-F03D-47DE-9119-1FFC021A95B2}"
EndProject
Project("{FAE04EC0-301F-11D3-BF4B-00C04F79EFBC}") = "Section01", "Chapter07\Section01\Section01.csproj", "{E1C4CB9B-FB5A-4C55-90EF-6AE85724A175}"
EndProject
Project("{FAE04EC0-301F-11D3-BF4B-00C04F79EFBC}") = "Section02", "Chapter07\Section02\Section02.csproj", "{D2DD7D08-52C9-4645-B90D-B0BCA0E475E7}"
EndProject
Project("{2150E333-8FDC-42A3-9474-1A3956D46DE8}") = "Test2406", "Test2406", "{A4FF1396-30E3-4FCD-AF4A-CA6B2888452B}"
EndProject
Project("{FAE04EC0-301F-11D3-BF4B-00C04F79EFBC}") = "Test01", "TestProject\Test01\Test01.csproj", "{2BFACDC3-F44D-4199-8498-F5C3C4AC0335}"
EndProject
Project("{FAE04EC0-301F-11D3-BF4B-00C04F79EFBC}") = "Test02", "TestProject\Test02\Test02.csproj", "{E461C0A8-8900-485C-B520-E929BA33F712}"
EndProject
Project("{FAE04EC0-301F-11D3-BF4B-00C04F79EFBC}") = "Section03", "Chapter07\Section03\Section03.csproj", "{01694260-4781-4ECA-B349-1C9B99363FB1}"
EndProject
Project("{FAE04EC0-301F-11D3-BF4B-00C04F79EFBC}") = "Section04", "Chapter07\Section04\Section04.csproj", "{31B71D12-CC5C-4C5F-995C-B35248845268}"
EndProject
Project("{2150E333-8FDC-42A3-9474-1A3956D46DE8}") = "Chapter08", "Chapter08", "{4A089CA6-C9B3-4052-919F-13B1E2534D3F}"
EndProject
Project("{FAE04EC0-301F-11D3-BF4B-00C04F79EFBC}") = "Section01", "Chapter08\Section01\Section01.csproj", "{8BCCC44E-02FF-4AD8-9ABA-632BB9BE1D7C}"
EndProject
Project("{9A19103F-16F7-4668-BE54-9A1E7A4F7556}") = "DateTimeApp", "FormApps\DateTimeApp\DateTimeApp.csproj", "{E9179751-EF72-4448-8160-74644B479712}"
EndProject
Project("{2150E333-8FDC-42A3-9474-1A3956D46DE8}") = "演習問題", "演習問題", "{4F95A642-6CA1-492B-A126-BA1A3954D0BE}"
EndProject
Project("{9A19103F-16F7-4668-BE54-9A1E7A4F7556}") = "Exercise01", "Chapter08\演習問題\Exercise01\Exercise01.csproj", "{AACF6905-D8B3-4A93-B3C4-680AED831411}"
EndProject
Project("{9A19103F-16F7-4668-BE54-9A1E7A4F7556}") = "CarReportSystem", "FormApps\CarReportSystem\CarReportSystem.csproj", "{0AEE18D9-AC75-4438-A3DE-157B248857AB}"
EndProject
Project("{2150E333-8FDC-42A3-9474-1A3956D46DE8}") = "Test2407", "Test2407", "{5579646D-31FC-4465-8D20-20E9861CD8FC}"
EndProject
Project("{FAE04EC0-301F-11D3-BF4B-00C04F79EFBC}") = "Test01", "TestProject\Test01_01\Test01.csproj", "{505959BA-5E37-40AD-9E1F-D168E366D106}"
EndProject
Project("{FAE04EC0-301F-11D3-BF4B-00C04F79EFBC}") = "Test02", "TestProject\Test02_01\Test02.csproj", "{9629460F-6875-4F78-AFFB-A5FD0F63E783}"
EndProject
Project("{2150E333-8FDC-42A3-9474-1A3956D46DE8}") = "Chapter11", "Chapter11", "{8666F7AF-1782-49B4-B94E-03EFDB0EEE6D}"
EndProject
Project("{FAE04EC0-301F-11D3-BF4B-00C04F79EFBC}") = "Section01", "Chapter11\Section01\Section01.csproj", "{99D80059-DBCA-42A7-9A7B-3FEDD26652FA}"
EndProject
Project("{2150E333-8FDC-42A3-9474-1A3956D46DE8}") = "演習問題", "演習問題", "{0682EEA5-E83B-480C-B255-AE99E54021DC}"
EndProject
Project("{FAE04EC0-301F-11D3-BF4B-00C04F79EFBC}") = "Exercise01", "Chapter11\演習問題\Exercise01\Exercise01.csproj", "{46E83855-247C-4B32-882A-A2A1DF89BE52}"
EndProject
Project("{FAE04EC0-301F-11D3-BF4B-00C04F79EFBC}") = "Section02", "Chapter11\Section02\Section02.csproj", "{E5646913-3467-4905-B8BA-84E44089E84F}"
EndProject
Project("{2150E333-8FDC-42A3-9474-1A3956D46DE8}") = "Chapter12", "Chapter12", "{0E888CA8-B1ED-4615-94B8-D80FAA709165}"
EndProject
Project("{FAE04EC0-301F-11D3-BF4B-00C04F79EFBC}") = "Section01", "Chapter12\Section01\Section01.csproj", "{44E87042-8756-4DC5-94EE-3487497F5FE0}"
EndProject
Project("{2150E333-8FDC-42A3-9474-1A3956D46DE8}") = "演習問題", "演習問題", "{7E17200F-3945-4A20-91B2-0A291C42A25A}"
EndProject
Project("{FAE04EC0-301F-11D3-BF4B-00C04F79EFBC}") = "Exercise01", "Chapter12\演習問題\Exercise01\Exercise01.csproj", "{8D661F5D-1314-44D2-9986-05C37FF5012B}"
EndProject
Project("{FAE04EC0-301F-11D3-BF4B-00C04F79EFBC}") = "Section02", "Chapter12\Section02\Section02.csproj", "{48D66483-4793-43F3-91D5-040A1C9E0DDC}"
EndProject
Global
	GlobalSection(SolutionConfigurationPlatforms) = preSolution
		Debug|Any CPU = Debug|Any CPU
		Release|Any CPU = Release|Any CPU
	EndGlobalSection
	GlobalSection(ProjectConfigurationPlatforms) = postSolution
		{4AF8262E-8803-495F-AAED-EFD8D655E841}.Debug|Any CPU.ActiveCfg = Debug|Any CPU
		{4AF8262E-8803-495F-AAED-EFD8D655E841}.Debug|Any CPU.Build.0 = Debug|Any CPU
		{4AF8262E-8803-495F-AAED-EFD8D655E841}.Release|Any CPU.ActiveCfg = Release|Any CPU
		{4AF8262E-8803-495F-AAED-EFD8D655E841}.Release|Any CPU.Build.0 = Release|Any CPU
		{96EFEEA4-8C1F-499C-BEFC-54164FF0832E}.Debug|Any CPU.ActiveCfg = Debug|Any CPU
		{96EFEEA4-8C1F-499C-BEFC-54164FF0832E}.Debug|Any CPU.Build.0 = Debug|Any CPU
		{96EFEEA4-8C1F-499C-BEFC-54164FF0832E}.Release|Any CPU.ActiveCfg = Release|Any CPU
		{96EFEEA4-8C1F-499C-BEFC-54164FF0832E}.Release|Any CPU.Build.0 = Release|Any CPU
		{4D95D509-AADF-4F85-ABFF-07E6643F04BC}.Debug|Any CPU.ActiveCfg = Debug|Any CPU
		{4D95D509-AADF-4F85-ABFF-07E6643F04BC}.Debug|Any CPU.Build.0 = Debug|Any CPU
		{4D95D509-AADF-4F85-ABFF-07E6643F04BC}.Release|Any CPU.ActiveCfg = Release|Any CPU
		{4D95D509-AADF-4F85-ABFF-07E6643F04BC}.Release|Any CPU.Build.0 = Release|Any CPU
		{449B1701-B4D2-4912-BE59-838A4C319936}.Debug|Any CPU.ActiveCfg = Debug|Any CPU
		{449B1701-B4D2-4912-BE59-838A4C319936}.Debug|Any CPU.Build.0 = Debug|Any CPU
		{449B1701-B4D2-4912-BE59-838A4C319936}.Release|Any CPU.ActiveCfg = Release|Any CPU
		{449B1701-B4D2-4912-BE59-838A4C319936}.Release|Any CPU.Build.0 = Release|Any CPU
		{06DF6D13-BE5F-4FFB-B648-130982ECE3BA}.Debug|Any CPU.ActiveCfg = Debug|Any CPU
		{06DF6D13-BE5F-4FFB-B648-130982ECE3BA}.Debug|Any CPU.Build.0 = Debug|Any CPU
		{06DF6D13-BE5F-4FFB-B648-130982ECE3BA}.Release|Any CPU.ActiveCfg = Release|Any CPU
		{06DF6D13-BE5F-4FFB-B648-130982ECE3BA}.Release|Any CPU.Build.0 = Release|Any CPU
		{F3EF98C7-003D-4DB5-B364-7F1A279C0035}.Debug|Any CPU.ActiveCfg = Debug|Any CPU
		{F3EF98C7-003D-4DB5-B364-7F1A279C0035}.Debug|Any CPU.Build.0 = Debug|Any CPU
		{F3EF98C7-003D-4DB5-B364-7F1A279C0035}.Release|Any CPU.ActiveCfg = Release|Any CPU
		{F3EF98C7-003D-4DB5-B364-7F1A279C0035}.Release|Any CPU.Build.0 = Release|Any CPU
		{B69FD99A-8164-49D0-82DD-36EEB2DEFDB7}.Debug|Any CPU.ActiveCfg = Debug|Any CPU
		{B69FD99A-8164-49D0-82DD-36EEB2DEFDB7}.Debug|Any CPU.Build.0 = Debug|Any CPU
		{B69FD99A-8164-49D0-82DD-36EEB2DEFDB7}.Release|Any CPU.ActiveCfg = Release|Any CPU
		{B69FD99A-8164-49D0-82DD-36EEB2DEFDB7}.Release|Any CPU.Build.0 = Release|Any CPU
		{2466211D-FBA5-46A5-89D5-20BBB2D903C9}.Debug|Any CPU.ActiveCfg = Debug|Any CPU
		{2466211D-FBA5-46A5-89D5-20BBB2D903C9}.Debug|Any CPU.Build.0 = Debug|Any CPU
		{2466211D-FBA5-46A5-89D5-20BBB2D903C9}.Release|Any CPU.ActiveCfg = Release|Any CPU
		{2466211D-FBA5-46A5-89D5-20BBB2D903C9}.Release|Any CPU.Build.0 = Release|Any CPU
		{0E604EE7-3629-40F2-9DC4-5A883CFF8D5F}.Debug|Any CPU.ActiveCfg = Debug|Any CPU
		{0E604EE7-3629-40F2-9DC4-5A883CFF8D5F}.Debug|Any CPU.Build.0 = Debug|Any CPU
		{0E604EE7-3629-40F2-9DC4-5A883CFF8D5F}.Release|Any CPU.ActiveCfg = Release|Any CPU
		{0E604EE7-3629-40F2-9DC4-5A883CFF8D5F}.Release|Any CPU.Build.0 = Release|Any CPU
		{3553BF4E-034F-4E97-B0EF-315BC513D3BE}.Debug|Any CPU.ActiveCfg = Debug|Any CPU
		{3553BF4E-034F-4E97-B0EF-315BC513D3BE}.Debug|Any CPU.Build.0 = Debug|Any CPU
		{3553BF4E-034F-4E97-B0EF-315BC513D3BE}.Release|Any CPU.ActiveCfg = Release|Any CPU
		{3553BF4E-034F-4E97-B0EF-315BC513D3BE}.Release|Any CPU.Build.0 = Release|Any CPU
		{CCA9A935-C9FA-4664-8B3A-63924F8F1FA4}.Debug|Any CPU.ActiveCfg = Debug|Any CPU
		{CCA9A935-C9FA-4664-8B3A-63924F8F1FA4}.Debug|Any CPU.Build.0 = Debug|Any CPU
		{CCA9A935-C9FA-4664-8B3A-63924F8F1FA4}.Release|Any CPU.ActiveCfg = Release|Any CPU
		{CCA9A935-C9FA-4664-8B3A-63924F8F1FA4}.Release|Any CPU.Build.0 = Release|Any CPU
		{19C9DC3C-0B28-4D26-8068-BB97E8F880EE}.Debug|Any CPU.ActiveCfg = Debug|Any CPU
		{19C9DC3C-0B28-4D26-8068-BB97E8F880EE}.Debug|Any CPU.Build.0 = Debug|Any CPU
		{19C9DC3C-0B28-4D26-8068-BB97E8F880EE}.Release|Any CPU.ActiveCfg = Release|Any CPU
		{19C9DC3C-0B28-4D26-8068-BB97E8F880EE}.Release|Any CPU.Build.0 = Release|Any CPU
		{2D895BBA-6479-4D02-ACA4-F265A3FE43EB}.Debug|Any CPU.ActiveCfg = Debug|Any CPU
		{2D895BBA-6479-4D02-ACA4-F265A3FE43EB}.Debug|Any CPU.Build.0 = Debug|Any CPU
		{2D895BBA-6479-4D02-ACA4-F265A3FE43EB}.Release|Any CPU.ActiveCfg = Release|Any CPU
		{2D895BBA-6479-4D02-ACA4-F265A3FE43EB}.Release|Any CPU.Build.0 = Release|Any CPU
		{7F57B064-B33A-4016-B68B-0F88C919E3A8}.Debug|Any CPU.ActiveCfg = Debug|Any CPU
		{7F57B064-B33A-4016-B68B-0F88C919E3A8}.Debug|Any CPU.Build.0 = Debug|Any CPU
		{7F57B064-B33A-4016-B68B-0F88C919E3A8}.Release|Any CPU.ActiveCfg = Release|Any CPU
		{7F57B064-B33A-4016-B68B-0F88C919E3A8}.Release|Any CPU.Build.0 = Release|Any CPU
		{F5A2A400-A33D-4140-BF47-2577C8BB8202}.Debug|Any CPU.ActiveCfg = Debug|Any CPU
		{F5A2A400-A33D-4140-BF47-2577C8BB8202}.Debug|Any CPU.Build.0 = Debug|Any CPU
		{F5A2A400-A33D-4140-BF47-2577C8BB8202}.Release|Any CPU.ActiveCfg = Release|Any CPU
		{F5A2A400-A33D-4140-BF47-2577C8BB8202}.Release|Any CPU.Build.0 = Release|Any CPU
		{3B6D1F8B-673F-4718-9CD4-34A9315DE937}.Debug|Any CPU.ActiveCfg = Debug|Any CPU
		{3B6D1F8B-673F-4718-9CD4-34A9315DE937}.Debug|Any CPU.Build.0 = Debug|Any CPU
		{3B6D1F8B-673F-4718-9CD4-34A9315DE937}.Release|Any CPU.ActiveCfg = Release|Any CPU
		{3B6D1F8B-673F-4718-9CD4-34A9315DE937}.Release|Any CPU.Build.0 = Release|Any CPU
		{7A0F6D94-E2D2-45DC-B3AD-28FE49C28CAC}.Debug|Any CPU.ActiveCfg = Debug|Any CPU
		{7A0F6D94-E2D2-45DC-B3AD-28FE49C28CAC}.Debug|Any CPU.Build.0 = Debug|Any CPU
		{7A0F6D94-E2D2-45DC-B3AD-28FE49C28CAC}.Release|Any CPU.ActiveCfg = Release|Any CPU
		{7A0F6D94-E2D2-45DC-B3AD-28FE49C28CAC}.Release|Any CPU.Build.0 = Release|Any CPU
		{9C21CE1F-6346-424E-B7B8-019625F2C2BB}.Debug|Any CPU.ActiveCfg = Debug|Any CPU
		{9C21CE1F-6346-424E-B7B8-019625F2C2BB}.Debug|Any CPU.Build.0 = Debug|Any CPU
		{9C21CE1F-6346-424E-B7B8-019625F2C2BB}.Release|Any CPU.ActiveCfg = Release|Any CPU
		{9C21CE1F-6346-424E-B7B8-019625F2C2BB}.Release|Any CPU.Build.0 = Release|Any CPU
		{E989DAA4-70DA-4B02-9BBE-5607F8A393AA}.Debug|Any CPU.ActiveCfg = Debug|Any CPU
		{E989DAA4-70DA-4B02-9BBE-5607F8A393AA}.Debug|Any CPU.Build.0 = Debug|Any CPU
		{E989DAA4-70DA-4B02-9BBE-5607F8A393AA}.Release|Any CPU.ActiveCfg = Release|Any CPU
		{E989DAA4-70DA-4B02-9BBE-5607F8A393AA}.Release|Any CPU.Build.0 = Release|Any CPU
		{707A05C0-4366-43CC-AC4C-E519E006E38F}.Debug|Any CPU.ActiveCfg = Debug|Any CPU
		{707A05C0-4366-43CC-AC4C-E519E006E38F}.Debug|Any CPU.Build.0 = Debug|Any CPU
		{707A05C0-4366-43CC-AC4C-E519E006E38F}.Release|Any CPU.ActiveCfg = Release|Any CPU
		{707A05C0-4366-43CC-AC4C-E519E006E38F}.Release|Any CPU.Build.0 = Release|Any CPU
		{E1C4CB9B-FB5A-4C55-90EF-6AE85724A175}.Debug|Any CPU.ActiveCfg = Debug|Any CPU
		{E1C4CB9B-FB5A-4C55-90EF-6AE85724A175}.Debug|Any CPU.Build.0 = Debug|Any CPU
		{E1C4CB9B-FB5A-4C55-90EF-6AE85724A175}.Release|Any CPU.ActiveCfg = Release|Any CPU
		{E1C4CB9B-FB5A-4C55-90EF-6AE85724A175}.Release|Any CPU.Build.0 = Release|Any CPU
		{D2DD7D08-52C9-4645-B90D-B0BCA0E475E7}.Debug|Any CPU.ActiveCfg = Debug|Any CPU
		{D2DD7D08-52C9-4645-B90D-B0BCA0E475E7}.Debug|Any CPU.Build.0 = Debug|Any CPU
		{D2DD7D08-52C9-4645-B90D-B0BCA0E475E7}.Release|Any CPU.ActiveCfg = Release|Any CPU
		{D2DD7D08-52C9-4645-B90D-B0BCA0E475E7}.Release|Any CPU.Build.0 = Release|Any CPU
		{2BFACDC3-F44D-4199-8498-F5C3C4AC0335}.Debug|Any CPU.ActiveCfg = Debug|Any CPU
		{2BFACDC3-F44D-4199-8498-F5C3C4AC0335}.Debug|Any CPU.Build.0 = Debug|Any CPU
		{2BFACDC3-F44D-4199-8498-F5C3C4AC0335}.Release|Any CPU.ActiveCfg = Release|Any CPU
		{2BFACDC3-F44D-4199-8498-F5C3C4AC0335}.Release|Any CPU.Build.0 = Release|Any CPU
		{E461C0A8-8900-485C-B520-E929BA33F712}.Debug|Any CPU.ActiveCfg = Debug|Any CPU
		{E461C0A8-8900-485C-B520-E929BA33F712}.Debug|Any CPU.Build.0 = Debug|Any CPU
		{E461C0A8-8900-485C-B520-E929BA33F712}.Release|Any CPU.ActiveCfg = Release|Any CPU
		{E461C0A8-8900-485C-B520-E929BA33F712}.Release|Any CPU.Build.0 = Release|Any CPU
		{01694260-4781-4ECA-B349-1C9B99363FB1}.Debug|Any CPU.ActiveCfg = Debug|Any CPU
		{01694260-4781-4ECA-B349-1C9B99363FB1}.Debug|Any CPU.Build.0 = Debug|Any CPU
		{01694260-4781-4ECA-B349-1C9B99363FB1}.Release|Any CPU.ActiveCfg = Release|Any CPU
		{01694260-4781-4ECA-B349-1C9B99363FB1}.Release|Any CPU.Build.0 = Release|Any CPU
		{31B71D12-CC5C-4C5F-995C-B35248845268}.Debug|Any CPU.ActiveCfg = Debug|Any CPU
		{31B71D12-CC5C-4C5F-995C-B35248845268}.Debug|Any CPU.Build.0 = Debug|Any CPU
		{31B71D12-CC5C-4C5F-995C-B35248845268}.Release|Any CPU.ActiveCfg = Release|Any CPU
		{31B71D12-CC5C-4C5F-995C-B35248845268}.Release|Any CPU.Build.0 = Release|Any CPU
		{8BCCC44E-02FF-4AD8-9ABA-632BB9BE1D7C}.Debug|Any CPU.ActiveCfg = Debug|Any CPU
		{8BCCC44E-02FF-4AD8-9ABA-632BB9BE1D7C}.Debug|Any CPU.Build.0 = Debug|Any CPU
		{8BCCC44E-02FF-4AD8-9ABA-632BB9BE1D7C}.Release|Any CPU.ActiveCfg = Release|Any CPU
		{8BCCC44E-02FF-4AD8-9ABA-632BB9BE1D7C}.Release|Any CPU.Build.0 = Release|Any CPU
		{E9179751-EF72-4448-8160-74644B479712}.Debug|Any CPU.ActiveCfg = Debug|Any CPU
		{E9179751-EF72-4448-8160-74644B479712}.Debug|Any CPU.Build.0 = Debug|Any CPU
		{E9179751-EF72-4448-8160-74644B479712}.Release|Any CPU.ActiveCfg = Release|Any CPU
		{E9179751-EF72-4448-8160-74644B479712}.Release|Any CPU.Build.0 = Release|Any CPU
		{AACF6905-D8B3-4A93-B3C4-680AED831411}.Debug|Any CPU.ActiveCfg = Debug|Any CPU
		{AACF6905-D8B3-4A93-B3C4-680AED831411}.Debug|Any CPU.Build.0 = Debug|Any CPU
		{AACF6905-D8B3-4A93-B3C4-680AED831411}.Release|Any CPU.ActiveCfg = Release|Any CPU
		{AACF6905-D8B3-4A93-B3C4-680AED831411}.Release|Any CPU.Build.0 = Release|Any CPU
		{0AEE18D9-AC75-4438-A3DE-157B248857AB}.Debug|Any CPU.ActiveCfg = Debug|Any CPU
		{0AEE18D9-AC75-4438-A3DE-157B248857AB}.Debug|Any CPU.Build.0 = Debug|Any CPU
		{0AEE18D9-AC75-4438-A3DE-157B248857AB}.Release|Any CPU.ActiveCfg = Release|Any CPU
		{0AEE18D9-AC75-4438-A3DE-157B248857AB}.Release|Any CPU.Build.0 = Release|Any CPU
		{505959BA-5E37-40AD-9E1F-D168E366D106}.Debug|Any CPU.ActiveCfg = Debug|Any CPU
		{505959BA-5E37-40AD-9E1F-D168E366D106}.Debug|Any CPU.Build.0 = Debug|Any CPU
		{505959BA-5E37-40AD-9E1F-D168E366D106}.Release|Any CPU.ActiveCfg = Release|Any CPU
		{505959BA-5E37-40AD-9E1F-D168E366D106}.Release|Any CPU.Build.0 = Release|Any CPU
		{9629460F-6875-4F78-AFFB-A5FD0F63E783}.Debug|Any CPU.ActiveCfg = Debug|Any CPU
		{9629460F-6875-4F78-AFFB-A5FD0F63E783}.Debug|Any CPU.Build.0 = Debug|Any CPU
		{9629460F-6875-4F78-AFFB-A5FD0F63E783}.Release|Any CPU.ActiveCfg = Release|Any CPU
		{9629460F-6875-4F78-AFFB-A5FD0F63E783}.Release|Any CPU.Build.0 = Release|Any CPU
		{99D80059-DBCA-42A7-9A7B-3FEDD26652FA}.Debug|Any CPU.ActiveCfg = Debug|Any CPU
		{99D80059-DBCA-42A7-9A7B-3FEDD26652FA}.Debug|Any CPU.Build.0 = Debug|Any CPU
		{99D80059-DBCA-42A7-9A7B-3FEDD26652FA}.Release|Any CPU.ActiveCfg = Release|Any CPU
		{99D80059-DBCA-42A7-9A7B-3FEDD26652FA}.Release|Any CPU.Build.0 = Release|Any CPU
		{46E83855-247C-4B32-882A-A2A1DF89BE52}.Debug|Any CPU.ActiveCfg = Debug|Any CPU
		{46E83855-247C-4B32-882A-A2A1DF89BE52}.Debug|Any CPU.Build.0 = Debug|Any CPU
		{46E83855-247C-4B32-882A-A2A1DF89BE52}.Release|Any CPU.ActiveCfg = Release|Any CPU
		{46E83855-247C-4B32-882A-A2A1DF89BE52}.Release|Any CPU.Build.0 = Release|Any CPU
		{E5646913-3467-4905-B8BA-84E44089E84F}.Debug|Any CPU.ActiveCfg = Debug|Any CPU
		{E5646913-3467-4905-B8BA-84E44089E84F}.Debug|Any CPU.Build.0 = Debug|Any CPU
		{E5646913-3467-4905-B8BA-84E44089E84F}.Release|Any CPU.ActiveCfg = Release|Any CPU
		{E5646913-3467-4905-B8BA-84E44089E84F}.Release|Any CPU.Build.0 = Release|Any CPU
		{44E87042-8756-4DC5-94EE-3487497F5FE0}.Debug|Any CPU.ActiveCfg = Debug|Any CPU
		{44E87042-8756-4DC5-94EE-3487497F5FE0}.Debug|Any CPU.Build.0 = Debug|Any CPU
		{44E87042-8756-4DC5-94EE-3487497F5FE0}.Release|Any CPU.ActiveCfg = Release|Any CPU
		{44E87042-8756-4DC5-94EE-3487497F5FE0}.Release|Any CPU.Build.0 = Release|Any CPU
		{8D661F5D-1314-44D2-9986-05C37FF5012B}.Debug|Any CPU.ActiveCfg = Debug|Any CPU
		{8D661F5D-1314-44D2-9986-05C37FF5012B}.Debug|Any CPU.Build.0 = Debug|Any CPU
		{8D661F5D-1314-44D2-9986-05C37FF5012B}.Release|Any CPU.ActiveCfg = Release|Any CPU
		{8D661F5D-1314-44D2-9986-05C37FF5012B}.Release|Any CPU.Build.0 = Release|Any CPU
		{48D66483-4793-43F3-91D5-040A1C9E0DDC}.Debug|Any CPU.ActiveCfg = Debug|Any CPU
		{48D66483-4793-43F3-91D5-040A1C9E0DDC}.Debug|Any CPU.Build.0 = Debug|Any CPU
		{48D66483-4793-43F3-91D5-040A1C9E0DDC}.Release|Any CPU.ActiveCfg = Release|Any CPU
		{48D66483-4793-43F3-91D5-040A1C9E0DDC}.Release|Any CPU.Build.0 = Release|Any CPU
	EndGlobalSection
	GlobalSection(SolutionProperties) = preSolution
		HideSolutionNode = FALSE
	EndGlobalSection
	GlobalSection(NestedProjects) = preSolution
		{4AF8262E-8803-495F-AAED-EFD8D655E841} = {5C30585B-09F4-47EF-93F6-6B303D53CB33}
		{96EFEEA4-8C1F-499C-BEFC-54164FF0832E} = {5C30585B-09F4-47EF-93F6-6B303D53CB33}
		{D66DCAE2-30E8-4905-9FEC-B84EE6D23EB9} = {D28C004F-BF81-4804-AAA3-6B50E6EEF089}
		{4D95D509-AADF-4F85-ABFF-07E6643F04BC} = {D66DCAE2-30E8-4905-9FEC-B84EE6D23EB9}
		{9E758251-7BAA-4C2D-8FF1-BFA1F9BDE59A} = {D28C004F-BF81-4804-AAA3-6B50E6EEF089}
		{449B1701-B4D2-4912-BE59-838A4C319936} = {9E758251-7BAA-4C2D-8FF1-BFA1F9BDE59A}
		{7E5625B3-C892-49CD-B148-18F717AED120} = {D28C004F-BF81-4804-AAA3-6B50E6EEF089}
		{06DF6D13-BE5F-4FFB-B648-130982ECE3BA} = {7E5625B3-C892-49CD-B148-18F717AED120}
		{F3EF98C7-003D-4DB5-B364-7F1A279C0035} = {7E5625B3-C892-49CD-B148-18F717AED120}
		{B69FD99A-8164-49D0-82DD-36EEB2DEFDB7} = {E3205B5A-140B-473A-8F6A-486635B25458}
		{2466211D-FBA5-46A5-89D5-20BBB2D903C9} = {828DA68E-4BA4-44D5-BA61-9894F80A8376}
		{9C7F232D-FC24-4C6E-9E61-D271C3BB2482} = {828DA68E-4BA4-44D5-BA61-9894F80A8376}
		{0E604EE7-3629-40F2-9DC4-5A883CFF8D5F} = {9C7F232D-FC24-4C6E-9E61-D271C3BB2482}
		{3553BF4E-034F-4E97-B0EF-315BC513D3BE} = {9C7F232D-FC24-4C6E-9E61-D271C3BB2482}
		{CCA9A935-C9FA-4664-8B3A-63924F8F1FA4} = {8274003E-36A9-4E27-913C-2D19059DB1B7}
		{B0667C04-5CF5-40DF-8378-2964F1A16832} = {8274003E-36A9-4E27-913C-2D19059DB1B7}
		{19C9DC3C-0B28-4D26-8068-BB97E8F880EE} = {B0667C04-5CF5-40DF-8378-2964F1A16832}
		{2D895BBA-6479-4D02-ACA4-F265A3FE43EB} = {B0667C04-5CF5-40DF-8378-2964F1A16832}
		{617A4AB5-7D19-421C-AAB1-DB0D329EEDFA} = {92E6B569-4DC8-403E-AF19-D03C7D6AD6B7}
		{7F57B064-B33A-4016-B68B-0F88C919E3A8} = {617A4AB5-7D19-421C-AAB1-DB0D329EEDFA}
		{F5A2A400-A33D-4140-BF47-2577C8BB8202} = {617A4AB5-7D19-421C-AAB1-DB0D329EEDFA}
		{3B6D1F8B-673F-4718-9CD4-34A9315DE937} = {617A4AB5-7D19-421C-AAB1-DB0D329EEDFA}
		{7A0F6D94-E2D2-45DC-B3AD-28FE49C28CAC} = {617A4AB5-7D19-421C-AAB1-DB0D329EEDFA}
		{9C21CE1F-6346-424E-B7B8-019625F2C2BB} = {72A4AC0A-9BE9-431C-A2FB-667E75C93435}
		{39F991FB-AD8F-48FA-B759-DE5F81A4D91A} = {72A4AC0A-9BE9-431C-A2FB-667E75C93435}
		{E989DAA4-70DA-4B02-9BBE-5607F8A393AA} = {39F991FB-AD8F-48FA-B759-DE5F81A4D91A}
		{707A05C0-4366-43CC-AC4C-E519E006E38F} = {39F991FB-AD8F-48FA-B759-DE5F81A4D91A}
		{E1C4CB9B-FB5A-4C55-90EF-6AE85724A175} = {BD657579-F03D-47DE-9119-1FFC021A95B2}
		{D2DD7D08-52C9-4645-B90D-B0BCA0E475E7} = {BD657579-F03D-47DE-9119-1FFC021A95B2}
		{2BFACDC3-F44D-4199-8498-F5C3C4AC0335} = {A4FF1396-30E3-4FCD-AF4A-CA6B2888452B}
		{E461C0A8-8900-485C-B520-E929BA33F712} = {A4FF1396-30E3-4FCD-AF4A-CA6B2888452B}
		{01694260-4781-4ECA-B349-1C9B99363FB1} = {BD657579-F03D-47DE-9119-1FFC021A95B2}
		{31B71D12-CC5C-4C5F-995C-B35248845268} = {BD657579-F03D-47DE-9119-1FFC021A95B2}
		{8BCCC44E-02FF-4AD8-9ABA-632BB9BE1D7C} = {4A089CA6-C9B3-4052-919F-13B1E2534D3F}
		{E9179751-EF72-4448-8160-74644B479712} = {E3205B5A-140B-473A-8F6A-486635B25458}
		{4F95A642-6CA1-492B-A126-BA1A3954D0BE} = {4A089CA6-C9B3-4052-919F-13B1E2534D3F}
		{AACF6905-D8B3-4A93-B3C4-680AED831411} = {4F95A642-6CA1-492B-A126-BA1A3954D0BE}
		{0AEE18D9-AC75-4438-A3DE-157B248857AB} = {E3205B5A-140B-473A-8F6A-486635B25458}
		{505959BA-5E37-40AD-9E1F-D168E366D106} = {5579646D-31FC-4465-8D20-20E9861CD8FC}
		{9629460F-6875-4F78-AFFB-A5FD0F63E783} = {5579646D-31FC-4465-8D20-20E9861CD8FC}
		{99D80059-DBCA-42A7-9A7B-3FEDD26652FA} = {8666F7AF-1782-49B4-B94E-03EFDB0EEE6D}
		{0682EEA5-E83B-480C-B255-AE99E54021DC} = {8666F7AF-1782-49B4-B94E-03EFDB0EEE6D}
		{46E83855-247C-4B32-882A-A2A1DF89BE52} = {0682EEA5-E83B-480C-B255-AE99E54021DC}
		{E5646913-3467-4905-B8BA-84E44089E84F} = {8666F7AF-1782-49B4-B94E-03EFDB0EEE6D}
		{44E87042-8756-4DC5-94EE-3487497F5FE0} = {0E888CA8-B1ED-4615-94B8-D80FAA709165}
		{7E17200F-3945-4A20-91B2-0A291C42A25A} = {0E888CA8-B1ED-4615-94B8-D80FAA709165}
		{8D661F5D-1314-44D2-9986-05C37FF5012B} = {7E17200F-3945-4A20-91B2-0A291C42A25A}
		{48D66483-4793-43F3-91D5-040A1C9E0DDC} = {0E888CA8-B1ED-4615-94B8-D80FAA709165}
	EndGlobalSection
	GlobalSection(ExtensibilityGlobals) = postSolution
		SolutionGuid = {97EF6D91-4F4B-4007-9422-CDB086A0EF6F}
	EndGlobalSection
EndGlobal
